
Microsoft Visual Studio Solution File, Format Version 12.00
# Visual Studio Version 17
VisualStudioVersion = 17.6.33815.320
MinimumVisualStudioVersion = 10.0.40219.1
Project("{9A19103F-16F7-4668-BE54-9A1E7A4F7556}") = "FP.Patterns.Singleton.Exercice0", "FP.Patterns.Singleton.Exercice0.csproj", "{D8A8895B-C008-4684-8E3F-1B7BEAC4A37B}"
EndProject
Project("{9A19103F-16F7-4668-BE54-9A1E7A4F7556}") = "FP.Patterns.Singleton.Exercice1", "..\FP.Patterns.Singleton.Exercice1\FP.Patterns.Singleton.Exercice1.csproj", "{132CE042-16CE-43D5-BCA4-D082D8E43906}"
EndProject
Project("{9A19103F-16F7-4668-BE54-9A1E7A4F7556}") = "FP.Patterns.Singleton.Exercice2", "..\FP.Patterns.Singleton.Exercice2\FP.Patterns.Singleton.Exercice2.csproj", "{6E9903D4-387A-4E64-BB8B-8AD463889FF5}"
EndProject
Project("{9A19103F-16F7-4668-BE54-9A1E7A4F7556}") = "FP.Patterns.Singleton.Exercice3", "..\FP.Patterns.Singleton.Exercice3\FP.Patterns.Singleton.Exercice3.csproj", "{59D56790-CF98-4394-A218-4591A5E0EEC1}"
EndProject
Project("{9A19103F-16F7-4668-BE54-9A1E7A4F7556}") = "FP.Patterns.Singleton.Exercice4", "..\FP.Patterns.Singleton.Exercice4\FP.Patterns.Singleton.Exercice4.csproj", "{618D40BF-8997-4799-9B86-7009334631F9}"
EndProject
Project("{FAE04EC0-301F-11D3-BF4B-00C04F79EFBC}") = "FP.Patterns.Singleton.Exercice5", "..\FP.Patterns.Singleton.Exercice5\FP.Patterns.Singleton.Exercice5.csproj", "{91E4398B-CC9C-4A65-A8A4-BD208479B529}"
EndProject
Global
	GlobalSection(SolutionConfigurationPlatforms) = preSolution
		Debug|Any CPU = Debug|Any CPU
		Release|Any CPU = Release|Any CPU
	EndGlobalSection
	GlobalSection(ProjectConfigurationPlatforms) = postSolution
		{D8A8895B-C008-4684-8E3F-1B7BEAC4A37B}.Debug|Any CPU.ActiveCfg = Debug|Any CPU
		{D8A8895B-C008-4684-8E3F-1B7BEAC4A37B}.Debug|Any CPU.Build.0 = Debug|Any CPU
		{D8A8895B-C008-4684-8E3F-1B7BEAC4A37B}.Release|Any CPU.ActiveCfg = Release|Any CPU
		{D8A8895B-C008-4684-8E3F-1B7BEAC4A37B}.Release|Any CPU.Build.0 = Release|Any CPU
		{132CE042-16CE-43D5-BCA4-D082D8E43906}.Debug|Any CPU.ActiveCfg = Debug|Any CPU
		{132CE042-16CE-43D5-BCA4-D082D8E43906}.Debug|Any CPU.Build.0 = Debug|Any CPU
		{132CE042-16CE-43D5-BCA4-D082D8E43906}.Release|Any CPU.ActiveCfg = Release|Any CPU
		{132CE042-16CE-43D5-BCA4-D082D8E43906}.Release|Any CPU.Build.0 = Release|Any CPU
		{6E9903D4-387A-4E64-BB8B-8AD463889FF5}.Debug|Any CPU.ActiveCfg = Debug|Any CPU
		{6E9903D4-387A-4E64-BB8B-8AD463889FF5}.Debug|Any CPU.Build.0 = Debug|Any CPU
		{6E9903D4-387A-4E64-BB8B-8AD463889FF5}.Release|Any CPU.ActiveCfg = Release|Any CPU
		{6E9903D4-387A-4E64-BB8B-8AD463889FF5}.Release|Any CPU.Build.0 = Release|Any CPU
		{59D56790-CF98-4394-A218-4591A5E0EEC1}.Debug|Any CPU.ActiveCfg = Debug|Any CPU
		{59D56790-CF98-4394-A218-4591A5E0EEC1}.Debug|Any CPU.Build.0 = Debug|Any CPU
		{59D56790-CF98-4394-A218-4591A5E0EEC1}.Release|Any CPU.ActiveCfg = Release|Any CPU
		{59D56790-CF98-4394-A218-4591A5E0EEC1}.Release|Any CPU.Build.0 = Release|Any CPU
		{618D40BF-8997-4799-9B86-7009334631F9}.Debug|Any CPU.ActiveCfg = Debug|Any CPU
		{618D40BF-8997-4799-9B86-7009334631F9}.Debug|Any CPU.Build.0 = Debug|Any CPU
		{618D40BF-8997-4799-9B86-7009334631F9}.Release|Any CPU.ActiveCfg = Release|Any CPU
		{618D40BF-8997-4799-9B86-7009334631F9}.Release|Any CPU.Build.0 = Release|Any CPU
		{91E4398B-CC9C-4A65-A8A4-BD208479B529}.Debug|Any CPU.ActiveCfg = Debug|Any CPU
		{91E4398B-CC9C-4A65-A8A4-BD208479B529}.Debug|Any CPU.Build.0 = Debug|Any CPU
		{91E4398B-CC9C-4A65-A8A4-BD208479B529}.Release|Any CPU.ActiveCfg = Release|Any CPU
		{91E4398B-CC9C-4A65-A8A4-BD208479B529}.Release|Any CPU.Build.0 = Release|Any CPU
	EndGlobalSection
	GlobalSection(SolutionProperties) = preSolution
		HideSolutionNode = FALSE
	EndGlobalSection
	GlobalSection(ExtensibilityGlobals) = postSolution
		SolutionGuid = {A2C71561-5D4A-40FF-A59C-DD9D64E49D31}
	EndGlobalSection
EndGlobal
